hash: 40d333b3d721af6ea8d0a6c2c9a368e013293e6eb6c7e24fd86ee663ed946ac6
updated: 2017-09-26T09:50:12.580222097+09:00
imports:
- name: github.com/boltdb/bolt
  version: 2f1ce7a837dcb8da3ec595b1dac9d0632f0f99e8
- name: github.com/golang/freetype
  version: e2365dfdc4a05e4b8299a783240d4a7d5a65d4e4
  subpackages:
  - raster
  - truetype
- name: github.com/gopherjs/gopherjs
  version: b40cd48c38f9a18eb3db20d163bad78de12cf0b7
  subpackages:
  - js
- name: github.com/hajimehoshi/go-mp3
  version: c2f85e8c3ff60d72b4ad80e86ebc96566be7bbf4
  subpackages:
  - internal/bits
  - internal/imdct
- name: github.com/hajimehoshi/oto
  version: 58b076ceb5dde593df27749cd918caf6273ee84a
  subpackages:
  - internal/jni
- name: github.com/pankona/gomo-simra
  version: 98b25e5c202c74ca5ba68d30b09d46456dad6b44
  subpackages:
  - simra
  - simra/config
  - simra/fps
  - simra/internal/peer
  - simra/simlog
- name: golang.org/x/exp
  version: 50c28f97489115b511c3104aafe83f148deb39a9
  subpackages:
  - shiny/driver/gldriver
  - shiny/driver/internal/drawer
  - shiny/driver/internal/errscreen
  - shiny/driver/internal/event
  - shiny/driver/internal/lifecycler
  - shiny/driver/internal/win32
  - shiny/driver/internal/x11key
  - shiny/screen
- name: golang.org/x/image
  version: e20db36d77bd0cb36cea8fe49d5c37d82d21591f
  subpackages:
  - font
  - font/gofont/goregular
  - math/f64
  - math/fixed
- name: golang.org/x/mobile
  version: 790fddd9a4a7b035819f3b4f2cfdf7e51c14a3c0
  repo: https://github.com/pankona/mobile
  vcs: git
  subpackages:
  - app
  - app/internal/callfn
  - asset
  - event/key
  - event/lifecycle
  - event/mouse
  - event/paint
  - event/size
  - event/touch
  - exp/app/debug
  - exp/audio/al
  - exp/f32
  - exp/gl/glutil
  - exp/sprite
  - exp/sprite/clock
  - exp/sprite/glsprite
  - geom
  - gl
  - internal/mobileinit
- name: golang.org/x/sys
  version: 429f518978ab01db8bb6f44b66785088e7fba58b
  subpackages:
  - unix
  - windows
testImports: []
