hash: 40d333b3d721af6ea8d0a6c2c9a368e013293e6eb6c7e24fd86ee663ed946ac6
updated: 2017-06-21T12:24:16.913629676+09:00
imports:
- name: github.com/boltdb/bolt
  version: 583e8937c61f1af6513608ccc75c97b6abdf4ff9
- name: github.com/golang/freetype
  version: e2365dfdc4a05e4b8299a783240d4a7d5a65d4e4
  subpackages:
  - raster
  - truetype
- name: github.com/pankona/gomo-simra
  version: 6dbbd2a7b20c3d715b105164ab1daab20509fbf2
  subpackages:
  - simra
  - simra/config
  - simra/gomo
  - simra/peer
- name: golang.org/x/exp
  version: be79676510e5ce293c77bb087cdab4796a461bdb
  subpackages:
  - shiny/driver/gldriver
  - shiny/driver/internal/drawer
  - shiny/driver/internal/errscreen
  - shiny/driver/internal/event
  - shiny/driver/internal/lifecycler
  - shiny/driver/internal/win32
  - shiny/driver/internal/x11key
  - shiny/screen
- name: golang.org/x/image
  version: 426cfd8eeb6e08ab1932954e09e3c2cb2bc6e36d
  subpackages:
  - font
  - font/gofont/goregular
  - math/f64
  - math/fixed
- name: golang.org/x/mobile
  version: da8eea871ad42d958d4cc03a8eee0722e66f551b
  repo: https://github.com/pankona/mobile
  vcs: git
  subpackages:
  - app
  - app/internal/callfn
  - asset
  - event/key
  - event/lifecycle
  - event/mouse
  - event/paint
  - event/size
  - event/touch
  - exp/app/debug
  - exp/f32
  - exp/gl/glutil
  - exp/sprite
  - exp/sprite/clock
  - exp/sprite/glsprite
  - geom
  - gl
  - internal/mobileinit
- name: golang.org/x/sys
  version: fb4cac33e3196ff7f507ab9b2d2a44b0142f5b5a
  subpackages:
  - unix
  - windows
testImports: []
